// !$*UTF8*$!
{
	archiveVersion = 1;
	classes = {
	};
	objectVersion = 50;
	objects = {

/* Begin PBXBuildFile section */
		EEE0F149230D53EA00C0329B /* AppDelegate.swift in Sources */ = {isa = PBXBuildFile; fileRef = EEE0F148230D53EA00C0329B /* AppDelegate.swift */; };
		EEE0F14B230D53EA00C0329B /* ViewController.swift in Sources */ = {isa = PBXBuildFile; fileRef = EEE0F14A230D53EA00C0329B /* ViewController.swift */; };
		EEE0F14E230D53EA00C0329B /* Main.storyboard in Resources */ = {isa = PBXBuildFile; fileRef = EEE0F14C230D53EA00C0329B /* Main.storyboard */; };
		EEE0F150230D53ED00C0329B /* Assets.xcassets in Resources */ = {isa = PBXBuildFile; fileRef = EEE0F14F230D53ED00C0329B /* Assets.xcassets */; };
		EEE0F153230D53ED00C0329B /* LaunchScreen.storyboard in Resources */ = {isa = PBXBuildFile; fileRef = EEE0F151230D53ED00C0329B /* LaunchScreen.storyboard */; };
		EEE0F15B230D54EE00C0329B /* MainTabBarController.swift in Sources */ = {isa = PBXBuildFile; fileRef = EEE0F15A230D54EE00C0329B /* MainTabBarController.swift */; };
/* End PBXBuildFile section */

/* Begin PBXFileReference section */
		EEE0F145230D53EA00C0329B /* PhotoSearcher.app */ = {isa = PBXFileReference; explicitFileType = wrapper.application; includeInIndex = 0; path = PhotoSearcher.app; sourceTree = BUILT_PRODUCTS_DIR; };
		EEE0F148230D53EA00C0329B /* AppDelegate.swift */ = {isa = PBXFileReference; lastKnownFileType = sourcecode.swift; path = AppDelegate.swift; sourceTree = "<group>"; };
		EEE0F14A230D53EA00C0329B /* ViewController.swift */ = {isa = PBXFileReference; lastKnownFileType = sourcecode.swift; path = ViewController.swift; sourceTree = "<group>"; };
		EEE0F14D230D53EA00C0329B /* Base */ = {isa = PBXFileReference; lastKnownFileType = file.storyboard; name = Base; path = Base.lproj/Main.storyboard; sourceTree = "<group>"; };
		EEE0F14F230D53ED00C0329B /* Assets.xcassets */ = {isa = PBXFileReference; lastKnownFileType = folder.assetcatalog; path = Assets.xcassets; sourceTree = "<group>"; };
		EEE0F152230D53ED00C0329B /* Base */ = {isa = PBXFileReference; lastKnownFileType = file.storyboard; name = Base; path = Base.lproj/LaunchScreen.storyboard; sourceTree = "<group>"; };
		EEE0F154230D53ED00C0329B /* Info.plist */ = {isa = PBXFileReference; lastKnownFileType = text.plist.xml; path = Info.plist; sourceTree = "<group>"; };
		EEE0F15A230D54EE00C0329B /* MainTabBarController.swift */ = {isa = PBXFileReference; lastKnownFileType = sourcecode.swift; path = MainTabBarController.swift; sourceTree = "<group>"; };
/* End PBXFileReference section */

/* Begin PBXFrameworksBuildPhase section */
		EEE0F142230D53EA00C0329B /* Frameworks */ = {
			isa = PBXFrameworksBuildPhase;
			buildActionMask = 2147483647;
			files = (
			);
			runOnlyForDeploymentPostprocessing = 0;
		};
/* End PBXFrameworksBuildPhase section */

/* Begin PBXGroup section */
		EEE0F13C230D53EA00C0329B = {
			isa = PBXGroup;
			children = (
				EEE0F147230D53EA00C0329B /* PhotoSearcher */,
				EEE0F146230D53EA00C0329B /* Products */,
			);
			sourceTree = "<group>";
		};
		EEE0F146230D53EA00C0329B /* Products */ = {
			isa = PBXGroup;
			children = (
				EEE0F145230D53EA00C0329B /* PhotoSearcher.app */,
			);
			name = Products;
			sourceTree = "<group>";
		};
		EEE0F147230D53EA00C0329B /* PhotoSearcher */ = {
			isa = PBXGroup;
			children = (
				EEE0F148230D53EA00C0329B /* AppDelegate.swift */,
				EEE0F14A230D53EA00C0329B /* ViewController.swift */,
				EEE0F15A230D54EE00C0329B /* MainTabBarController.swift */,
				EEE0F14C230D53EA00C0329B /* Main.storyboard */,
				EEE0F14F230D53ED00C0329B /* Assets.xcassets */,
				EEE0F151230D53ED00C0329B /* LaunchScreen.storyboard */,
				EEE0F154230D53ED00C0329B /* Info.plist */,
			);
			path = PhotoSearcher;
			sourceTree = "<group>";
		};
/* End PBXGroup section */

/* Begin PBXNativeTarget section */
		EEE0F144230D53EA00C0329B /* PhotoSearcher */ = {
			isa = PBXNativeTarget;
			buildConfigurationList = EEE0F157230D53ED00C0329B /* Build configuration list for PBXNativeTarget "PhotoSearcher" */;
			buildPhases = (
				EEE0F141230D53EA00C0329B /* Sources */,
				EEE0F142230D53EA00C0329B /* Frameworks */,
				EEE0F143230D53EA00C0329B /* Resources */,
			);
			buildRules = (
			);
			dependencies = (
			);
			name = PhotoSearcher;
			productName = PhotoSearcher;
			productReference = EEE0F145230D53EA00C0329B /* PhotoSearcher.app */;
			productType = "com.apple.product-type.application";
		};
/* End PBXNativeTarget section */

/* Begin PBXProject section */
		EEE0F13D230D53EA00C0329B /* Project object */ = {
			isa = PBXProject;
			attributes = {
				LastSwiftUpdateCheck = 1030;
				LastUpgradeCheck = 1030;
				ORGANIZATIONNAME = "Александр Омельчук";
				TargetAttributes = {
					EEE0F144230D53EA00C0329B = {
						CreatedOnToolsVersion = 10.3;
					};
				};
			};
			buildConfigurationList = EEE0F140230D53EA00C0329B /* Build configuration list for PBXProject "PhotoSearcher" */;
			compatibilityVersion = "Xcode 9.3";
			developmentRegion = en;
			hasScannedForEncodings = 0;
			knownRegions = (
				en,
				Base,
			);
			mainGroup = EEE0F13C230D53EA00C0329B;
			productRefGroup = EEE0F146230D53EA00C0329B /* Products */;
			projectDirPath = "";
			projectRoot = "";
			targets = (
				EEE0F144230D53EA00C0329B /* PhotoSearcher */,
			);
		};
/* End PBXProject section */

/* Begin PBXResourcesBuildPhase section */
		EEE0F143230D53EA00C0329B /* Resources */ = {
			isa = PBXResourcesBuildPhase;
			buildActionMask = 2147483647;
			files = (
				EEE0F153230D53ED00C0329B /* LaunchScreen.storyboard in Resources */,
				EEE0F150230D53ED00C0329B /* Assets.xcassets in Resources */,
				EEE0F14E230D53EA00C0329B /* Main.storyboard in Resources */,
			);
			runOnlyForDeploymentPostprocessing = 0;
		};
/* End PBXResourcesBuildPhase section */

/* Begin PBXSourcesBuildPhase section */
		EEE0F141230D53EA00C0329B /* Sources */ = {
			isa = PBXSourcesBuildPhase;
			buildActionMask = 2147483647;
			files = (
				EEE0F14B230D53EA00C0329B /* ViewController.swift in Sources */,
				EEE0F149230D53EA00C0329B /* AppDelegate.swift in Sources */,
				EEE0F15B230D54EE00C0329B /* MainTabBarController.swift in Sources */,
			);
			runOnlyForDeploymentPostprocessing = 0;
		};
/* End PBXSourcesBuildPhase section */

/* Begin PBXVariantGroup section */
		EEE0F14C230D53EA00C0329B /* Main.storyboard */ = {
			isa = PBXVariantGroup;
			children = (
				EEE0F14D230D53EA00C0329B /* Base */,
			);
			name = Main.storyboard;
			sourceTree = "<group>";
		};
		EEE0F151230D53ED00C0329B /* LaunchScreen.storyboard */ = {
			isa = PBXVariantGroup;
			children = (
				EEE0F152230D53ED00C0329B /* Base */,
			);
			name = LaunchScreen.storyboard;
			sourceTree = "<group>";
		};
/* End PBXVariantGroup section */

/* Begin XCBuildConfiguration section */
		EEE0F155230D53ED00C0329B /* Debug */ = {
			isa = XCBuildConfiguration;
			buildSettings = {
				ALWAYS_SEARCH_USER_PATHS = NO;
				CLANG_ANALYZER_NONNULL = YES;
				CLANG_ANALYZER_NUMBER_OBJECT_CONVERSION = YES_AGGRESSIVE;
				CLANG_CXX_LANGUAGE_STANDARD = "gnu++14";
				CLANG_CXX_LIBRARY = "libc++";
				CLANG_ENABLE_MODULES = YES;
				CLANG_ENABLE_OBJC_ARC = YES;
				CLANG_ENABLE_OBJC_WEAK = YES;
				CLANG_WARN_BLOCK_CAPTURE_AUTORELEASING = YES;
				CLANG_WARN_BOOL_CONVERSION = YES;
				CLANG_WARN_COMMA = YES;
				CLANG_WARN_CONSTANT_CONVERSION = YES;
				CLANG_WARN_DEPRECATED_OBJC_IMPLEMENTATIONS = YES;
				CLANG_WARN_DIRECT_OBJC_ISA_USAGE = YES_ERROR;
				CLANG_WARN_DOCUMENTATION_COMMENTS = YES;
				CLANG_WARN_EMPTY_BODY = YES;
				CLANG_WARN_ENUM_CONVERSION = YES;
				CLANG_WARN_INFINITE_RECURSION = YES;
				CLANG_WARN_INT_CONVERSION = YES;
				CLANG_WARN_NON_LITERAL_NULL_CONVERSION = YES;
				CLANG_WARN_OBJC_IMPLICIT_RETAIN_SELF = YES;
				CLANG_WARN_OBJC_LITERAL_CONVERSION = YES;
				CLANG_WARN_OBJC_ROOT_CLASS = YES_ERROR;
				CLANG_WARN_RANGE_LOOP_ANALYSIS = YES;
				CLANG_WARN_STRICT_PROTOTYPES = YES;
				CLANG_WARN_SUSPICIOUS_MOVE = YES;
				CLANG_WARN_UNGUARDED_AVAILABILITY = YES_AGGRESSIVE;
				CLANG_WARN_UNREACHABLE_CODE = YES;
				CLANG_WARN__DUPLICATE_METHOD_MATCH = YES;
				CODE_SIGN_IDENTITY = "iPhone Developer";
				COPY_PHASE_STRIP = NO;
				DEBUG_INFORMATION_FORMAT = dwarf;
				ENABLE_STRICT_OBJC_MSGSEND = YES;
				ENABLE_TESTABILITY = YES;
				GCC_C_LANGUAGE_STANDARD = gnu11;
				GCC_DYNAMIC_NO_PIC = NO;
				GCC_NO_COMMON_BLOCKS = YES;
				GCC_OPTIMIZATION_LEVEL = 0;
				GCC_PREPROCESSOR_DEFINITIONS = (
					"DEBUG=1",
					"$(inherited)",
				);
				GCC_WARN_64_TO_32_BIT_CONVERSION = YES;
				GCC_WARN_ABOUT_RETURN_TYPE = YES_ERROR;
				GCC_WARN_UNDECLARED_SELECTOR = YES;
				GCC_WARN_UNINITIALIZED_AUTOS = YES_AGGRESSIVE;
				GCC_WARN_UNUSED_FUNCTION = YES;
				GCC_WARN_UNUSED_VARIABLE = YES;
				IPHONEOS_DEPLOYMENT_TARGET = 12.4;
				MTL_ENABLE_DEBUG_INFO = INCLUDE_SOURCE;
				MTL_FAST_MATH = YES;
				ONLY_ACTIVE_ARCH = YES;
				SDKROOT = iphoneos;
				SWIFT_ACTIVE_COMPILATION_CONDITIONS = DEBUG;
				SWIFT_OPTIMIZATION_LEVEL = "-Onone";
			};
			name = Debug;
		};
		EEE0F156230D53ED00C0329B /* Release */ = {
			isa = XCBuildConfiguration;
			buildSettings = {
				ALWAYS_SEARCH_USER_PATHS = NO;
				CLANG_ANALYZER_NONNULL = YES;
				CLANG_ANALYZER_NUMBER_OBJECT_CONVERSION = YES_AGGRESSIVE;
				CLANG_CXX_LANGUAGE_STANDARD = "gnu++14";
				CLANG_CXX_LIBRARY = "libc++";
				CLANG_ENABLE_MODULES = YES;
				CLANG_ENABLE_OBJC_ARC = YES;
				CLANG_ENABLE_OBJC_WEAK = YES;
				CLANG_WARN_BLOCK_CAPTURE_AUTORELEASING = YES;
				CLANG_WARN_BOOL_CONVERSION = YES;
				CLANG_WARN_COMMA = YES;
				CLANG_WARN_CONSTANT_CONVERSION = YES;
				CLANG_WARN_DEPRECATED_OBJC_IMPLEMENTATIONS = YES;
				CLANG_WARN_DIRECT_OBJC_ISA_USAGE = YES_ERROR;
				CLANG_WARN_DOCUMENTATION_COMMENTS = YES;
				CLANG_WARN_EMPTY_BODY = YES;
				CLANG_WARN_ENUM_CONVERSION = YES;
				CLANG_WARN_INFINITE_RECURSION = YES;
				CLANG_WARN_INT_CONVERSION = YES;
				CLANG_WARN_NON_LITERAL_NULL_CONVERSION = YES;
				CLANG_WARN_OBJC_IMPLICIT_RETAIN_SELF = YES;
				CLANG_WARN_OBJC_LITERAL_CONVERSION = YES;
				CLANG_WARN_OBJC_ROOT_CLASS = YES_ERROR;
				CLANG_WARN_RANGE_LOOP_ANALYSIS = YES;
				CLANG_WARN_STRICT_PROTOTYPES = YES;
				CLANG_WARN_SUSPICIOUS_MOVE = YES;
				CLANG_WARN_UNGUARDED_AVAILABILITY = YES_AGGRESSIVE;
				CLANG_WARN_UNREACHABLE_CODE = YES;
				CLANG_WARN__DUPLICATE_METHOD_MATCH = YES;
				CODE_SIGN_IDENTITY = "iPhone Developer";
				COPY_PHASE_STRIP = NO;
				DEBUG_INFORMATION_FORMAT = "dwarf-with-dsym";
				ENABLE_NS_ASSERTIONS = NO;
				ENABLE_STRICT_OBJC_MSGSEND = YES;
				GCC_C_LANGUAGE_STANDARD = gnu11;
				GCC_NO_COMMON_BLOCKS = YES;
				GCC_WARN_64_TO_32_BIT_CONVERSION = YES;
				GCC_WARN_ABOUT_RETURN_TYPE = YES_ERROR;
				GCC_WARN_UNDECLARED_SELECTOR = YES;
				GCC_WARN_UNINITIALIZED_AUTOS = YES_AGGRESSIVE;
				GCC_WARN_UNUSED_FUNCTION = YES;
				GCC_WARN_UNUSED_VARIABLE = YES;
				IPHONEOS_DEPLOYMENT_TARGET = 12.4;
				MTL_ENABLE_DEBUG_INFO = NO;
				MTL_FAST_MATH = YES;
				SDKROOT = iphoneos;
				SWIFT_COMPILATION_MODE = wholemodule;
				SWIFT_OPTIMIZATION_LEVEL = "-O";
				VALIDATE_PRODUCT = YES;
			};
			name = Release;
		};
		EEE0F158230D53ED00C0329B /* Debug */ = {
			isa = XCBuildConfiguration;
			buildSettings = {
				ASSETCATALOG_COMPILER_APPICON_NAME = AppIcon;
				CODE_SIGN_STYLE = Automatic;
				DEVELOPMENT_TEAM = GR7A3F4BM7;
				INFOPLIST_FILE = PhotoSearcher/Info.plist;
				IPHONEOS_DEPLOYMENT_TARGET = 12.0;
				LD_RUNPATH_SEARCH_PATHS = (
					"$(inherited)",
					"@executable_path/Frameworks",
				);
				PRODUCT_BUNDLE_IDENTIFIER = AlexCattivo.PhotoSearcher;
				PRODUCT_NAME = "$(TARGET_NAME)";
				SWIFT_VERSION = 5.0;
				TARGETED_DEVICE_FAMILY = 1;
			};
			name = Debug;
		};
		EEE0F159230D53ED00C0329B /* Release */ = {
			isa = XCBuildConfiguration;
			buildSettings = {
				ASSETCATALOG_COMPILER_APPICON_NAME = AppIcon;
				CODE_SIGN_STYLE = Automatic;
				DEVELOPMENT_TEAM = GR7A3F4BM7;
				INFOPLIST_FILE = PhotoSearcher/Info.plist;
				IPHONEOS_DEPLOYMENT_TARGET = 12.0;
				LD_RUNPATH_SEARCH_PATHS = (
					"$(inherited)",
					"@executable_path/Frameworks",
				);
				PRODUCT_BUNDLE_IDENTIFIER = AlexCattivo.PhotoSearcher;
				PRODUCT_NAME = "$(TARGET_NAME)";
				SWIFT_VERSION = 5.0;
				TARGETED_DEVICE_FAMILY = 1;
			};
			name = Release;
		};
/* End XCBuildConfiguration section */

/* Begin XCConfigurationList section */
		EEE0F140230D53EA00C0329B /* Build configuration list for PBXProject "PhotoSearcher" */ = {
			isa = XCConfigurationList;
			buildConfigurations = (
				EEE0F155230D53ED00C0329B /* Debug */,
				EEE0F156230D53ED00C0329B /* Release */,
			);
			defaultConfigurationIsVisible = 0;
			defaultConfigurationName = Release;
		};
		EEE0F157230D53ED00C0329B /* Build configuration list for PBXNativeTarget "PhotoSearcher" */ = {
			isa = XCConfigurationList;
			buildConfigurations = (
				EEE0F158230D53ED00C0329B /* Debug */,
				EEE0F159230D53ED00C0329B /* Release */,
			);
			defaultConfigurationIsVisible = 0;
			defaultConfigurationName = Release;
		};
/* End XCConfigurationList section */
	};
	rootObject = EEE0F13D230D53EA00C0329B /* Project object */;
}
